
Microsoft Visual Studio Solution File, Format Version 12.00
# Visual Studio Version 17
VisualStudioVersion = 17.5.33209.295
MinimumVisualStudioVersion = 10.0.40219.1
Project("{FAE04EC0-301F-11D3-BF4B-00C04F79EFBC}") = "BirdApp", "BirdApp\BirdApp.csproj", "{8CE2492F-760F-424B-A9F5-F1BC3FEF74FE}"
EndProject
Global
	GlobalSection(SolutionConfigurationPlatforms) = preSolution
		Debug|Any CPU = Debug|Any CPU
		Release|Any CPU = Release|Any CPU
	EndGlobalSection
	GlobalSection(ProjectConfigurationPlatforms) = postSolution
		{8CE2492F-760F-424B-A9F5-F1BC3FEF74FE}.Debug|Any CPU.ActiveCfg = Debug|Any CPU
		{8CE2492F-760F-424B-A9F5-F1BC3FEF74FE}.Debug|Any CPU.Build.0 = Debug|Any CPU
		{8CE2492F-760F-424B-A9F5-F1BC3FEF74FE}.Release|Any CPU.ActiveCfg = Release|Any CPU
		{8CE2492F-760F-424B-A9F5-F1BC3FEF74FE}.Release|Any CPU.Build.0 = Release|Any CPU
	EndGlobalSection
	GlobalSection(SolutionProperties) = preSolution
		HideSolutionNode = FALSE
	EndGlobalSection
	GlobalSection(ExtensibilityGlobals) = postSolution
		SolutionGuid = {1BFD1A79-2DDC-45AB-9F4B-6FD65A49CCAF}
	EndGlobalSection
EndGlobal
